<?xml version="1.0" encoding="utf-8"?>
<Project ToolsVersion="4.0" xmlns="http://schemas.microsoft.com/developer/msbuild/2003">
  <ItemGroup>
    <Filter Include="Source Files">
      <UniqueIdentifier>{4FC737F1-C7A5-4376-A066-2A32D752A2FF}</UniqueIdentifier>
      <Extensions>cpp;c;cc;cxx;def;odl;idl;hpj;bat;asm;asmx</Extensions>
    </Filter>
    <Filter Include="Core">
      <UniqueIdentifier>{012b23bd-b200-49df-93f0-5027532b3c1e}</UniqueIdentifier>
    </Filter>
    <Filter Include="Core\Header Files">
      <UniqueIdentifier>{04c51d1c-3edd-490a-abb4-be20a0198b5c}</UniqueIdentifier>
    </Filter>
    <Filter Include="Core\Source Files">
      <UniqueIdentifier>{28379b48-422e-4286-9692-2cab24545863}</UniqueIdentifier>
    </Filter>
    <Filter Include="Shaders">
      <UniqueIdentifier>{a08a1c96-9ead-4e2d-a46a-1dbeeb718f64}</UniqueIdentifier>
    </Filter>
    <Filter Include="Core\Objects">
      <UniqueIdentifier>{16723f5b-2dd9-4ee2-bcea-8aefe31fa054}</UniqueIdentifier>
    </Filter>
  </ItemGroup>
  <ItemGroup>
    <ClCompile Include="main.cpp">
      <Filter>Source Files</Filter>
    </ClCompile>
    <ClCompile Include="Core\Shader_Loader.cpp">
      <Filter>Core\Source Files</Filter>
    </ClCompile>
    <ClCompile Include="Core\Objects\Object.cpp">
      <Filter>Core\Objects</Filter>
    </ClCompile>
    <ClCompile Include="Core\ModelGenerator.cpp">
      <Filter>Core\Source Files</Filter>
    </ClCompile>
    <ClCompile Include="Core\Vectors.cpp">
      <Filter>Core\Source Files</Filter>
    </ClCompile>
    <ClCompile Include="Core\Matrix.cpp">
      <Filter>Core\Source Files</Filter>
    </ClCompile>
    <ClCompile Include="Core\Camera.cpp">
      <Filter>Core\Source Files</Filter>
    </ClCompile>
    <ClCompile Include="Core\InputManager.cpp">
      <Filter>Core\Source Files</Filter>
    </ClCompile>
  </ItemGroup>
  <ItemGroup>
    <ClInclude Include="Core\Shader_Loader.h">
      <Filter>Core\Header Files</Filter>
    </ClInclude>
    <ClInclude Include="Core\Vertex.h">
      <Filter>Core\Header Files</Filter>
    </ClInclude>
    <ClInclude Include="Core\Objects\Cube.h">
      <Filter>Core\Objects</Filter>
    </ClInclude>
    <ClInclude Include="Core\Objects\Object.h">
      <Filter>Core\Objects</Filter>
    </ClInclude>
    <ClInclude Include="Core\ModelGenerator.h">
      <Filter>Core\Header Files</Filter>
    </ClInclude>
    <ClInclude Include="Core\Vectors.h">
      <Filter>Core\Header Files</Filter>
    </ClInclude>
    <ClInclude Include="Core\Matrix.h">
      <Filter>Core\Header Files</Filter>
    </ClInclude>
    <ClInclude Include="Core\Camera.h">
      <Filter>Core\Header Files</Filter>
    </ClInclude>
    <ClInclude Include="Core\InputManager.h">
      <Filter>Core</Filter>
    </ClInclude>
    <ClInclude Include="Core\Quat.h">
      <Filter>Core\Header Files</Filter>
    </ClInclude>
  </ItemGroup>
  <ItemGroup>
    <None Include="Shaders\Vertex_Shader.glsl">
      <Filter>Shaders</Filter>
    </None>
    <None Include="Shaders\Fragment_Shader.glsl">
      <Filter>Shaders</Filter>
    </None>
  </ItemGroup>
</Project>